
Microsoft Visual Studio Solution File, Format Version 12.00
# Visual Studio 15
VisualStudioVersion = 15.0.26730.16
MinimumVisualStudioVersion = 10.0.40219.1
Project("{FAE04EC0-301F-11D3-BF4B-00C04F79EFBC}") = "Ident-Plus", "Ident-Plus\Ident-Plus.csproj", "{421DAAE9-0DFC-48C9-8D5E-956DAF56E3C3}"
EndProject
Project("{FAE04EC0-301F-11D3-BF4B-00C04F79EFBC}") = "Ident-Plus_Specs", "Ident-Plus_Specs\Ident-Plus_Specs.csproj", "{725BC6B7-BA43-43AD-B800-9470A9DB41E9}"
EndProject
Project("{FAE04EC0-301F-11D3-BF4B-00C04F79EFBC}") = "Ident", "Ident\Ident.csproj", "{5368C8D1-B166-461F-BC4D-863EA43229DD}"
EndProject
Project("{FAE04EC0-301F-11D3-BF4B-00C04F79EFBC}") = "Interface", "Interface\Interface.csproj", "{852727F2-2BF0-41BC-857E-047D4AAFF06A}"
EndProject
Global
	GlobalSection(SolutionConfigurationPlatforms) = preSolution
		Debug|Any CPU = Debug|Any CPU
		Release|Any CPU = Release|Any CPU
	EndGlobalSection
	GlobalSection(ProjectConfigurationPlatforms) = postSolution
		{421DAAE9-0DFC-48C9-8D5E-956DAF56E3C3}.Debug|Any CPU.ActiveCfg = Debug|Any CPU
		{421DAAE9-0DFC-48C9-8D5E-956DAF56E3C3}.Debug|Any CPU.Build.0 = Debug|Any CPU
		{421DAAE9-0DFC-48C9-8D5E-956DAF56E3C3}.Release|Any CPU.ActiveCfg = Release|Any CPU
		{421DAAE9-0DFC-48C9-8D5E-956DAF56E3C3}.Release|Any CPU.Build.0 = Release|Any CPU
		{725BC6B7-BA43-43AD-B800-9470A9DB41E9}.Debug|Any CPU.ActiveCfg = Debug|Any CPU
		{725BC6B7-BA43-43AD-B800-9470A9DB41E9}.Debug|Any CPU.Build.0 = Debug|Any CPU
		{725BC6B7-BA43-43AD-B800-9470A9DB41E9}.Release|Any CPU.ActiveCfg = Release|Any CPU
		{725BC6B7-BA43-43AD-B800-9470A9DB41E9}.Release|Any CPU.Build.0 = Release|Any CPU
		{5368C8D1-B166-461F-BC4D-863EA43229DD}.Debug|Any CPU.ActiveCfg = Debug|Any CPU
		{5368C8D1-B166-461F-BC4D-863EA43229DD}.Debug|Any CPU.Build.0 = Debug|Any CPU
		{5368C8D1-B166-461F-BC4D-863EA43229DD}.Release|Any CPU.ActiveCfg = Release|Any CPU
		{5368C8D1-B166-461F-BC4D-863EA43229DD}.Release|Any CPU.Build.0 = Release|Any CPU
		{852727F2-2BF0-41BC-857E-047D4AAFF06A}.Debug|Any CPU.ActiveCfg = Debug|Any CPU
		{852727F2-2BF0-41BC-857E-047D4AAFF06A}.Debug|Any CPU.Build.0 = Debug|Any CPU
		{852727F2-2BF0-41BC-857E-047D4AAFF06A}.Release|Any CPU.ActiveCfg = Release|Any CPU
		{852727F2-2BF0-41BC-857E-047D4AAFF06A}.Release|Any CPU.Build.0 = Release|Any CPU
	EndGlobalSection
	GlobalSection(SolutionProperties) = preSolution
		HideSolutionNode = FALSE
	EndGlobalSection
	GlobalSection(ExtensibilityGlobals) = postSolution
		SolutionGuid = {B0089BBC-2C3E-4968-8CCD-183D00365285}
	EndGlobalSection
EndGlobal
